
Microsoft Visual Studio Solution File, Format Version 12.00
# Visual Studio Version 17
VisualStudioVersion = 17.2.32630.192
MinimumVisualStudioVersion = 10.0.40219.1
Project("{2150E333-8FDC-42A3-9474-1A3956D46DE8}") = "src", "src", "{E9F25BCA-1578-4451-B569-C3D529DEEFE7}"
EndProject
Project("{2150E333-8FDC-42A3-9474-1A3956D46DE8}") = "test", "test", "{D9F869D6-2F32-435A-8D86-DD2009F6CE95}"
EndProject
Project("{9A19103F-16F7-4668-BE54-9A1E7A4F7556}") = "API", "src\API\API.csproj", "{29751170-9A59-4595-8CD9-8F718FCEB27F}"
EndProject
Project("{2150E333-8FDC-42A3-9474-1A3956D46DE8}") = "Solution Items", "Solution Items", "{B9FCA819-542D-4A6E-8EA2-C8114F8EC881}"
	ProjectSection(SolutionItems) = preProject
		build.ps1 = build.ps1
		global.json = global.json
		publish.cmd = publish.cmd
	EndProjectSection
EndProject
Global
	GlobalSection(SolutionConfigurationPlatforms) = preSolution
		Debug|Any CPU = Debug|Any CPU
		Release|Any CPU = Release|Any CPU
	EndGlobalSection
	GlobalSection(ProjectConfigurationPlatforms) = postSolution
		{29751170-9A59-4595-8CD9-8F718FCEB27F}.Debug|Any CPU.ActiveCfg = Debug|Any CPU
		{29751170-9A59-4595-8CD9-8F718FCEB27F}.Debug|Any CPU.Build.0 = Debug|Any CPU
		{29751170-9A59-4595-8CD9-8F718FCEB27F}.Release|Any CPU.ActiveCfg = Release|Any CPU
		{29751170-9A59-4595-8CD9-8F718FCEB27F}.Release|Any CPU.Build.0 = Release|Any CPU
	EndGlobalSection
	GlobalSection(SolutionProperties) = preSolution
		HideSolutionNode = FALSE
	EndGlobalSection
	GlobalSection(NestedProjects) = preSolution
		{29751170-9A59-4595-8CD9-8F718FCEB27F} = {E9F25BCA-1578-4451-B569-C3D529DEEFE7}
	EndGlobalSection
	GlobalSection(ExtensibilityGlobals) = postSolution
		SolutionGuid = {D1B7C31B-5C9A-49DF-83CC-FA56E205981B}
	EndGlobalSection
EndGlobal
