
Microsoft Visual Studio Solution File, Format Version 12.00
# Visual Studio Version 17
VisualStudioVersion = 17.1.32210.238
MinimumVisualStudioVersion = 10.0.40219.1
Project("{FAE04EC0-301F-11D3-BF4B-00C04F79EFBC}") = "BasicSite", "BasicSite\BasicSite.csproj", "{98E739C4-C5C3-4D1B-B5F5-5DE01A4EE030}"
EndProject
Global
	GlobalSection(SolutionConfigurationPlatforms) = preSolution
		Debug|Any CPU = Debug|Any CPU
		Release|Any CPU = Release|Any CPU
	EndGlobalSection
	GlobalSection(ProjectConfigurationPlatforms) = postSolution
		{98E739C4-C5C3-4D1B-B5F5-5DE01A4EE030}.Debug|Any CPU.ActiveCfg = Debug|Any CPU
		{98E739C4-C5C3-4D1B-B5F5-5DE01A4EE030}.Debug|Any CPU.Build.0 = Debug|Any CPU
		{98E739C4-C5C3-4D1B-B5F5-5DE01A4EE030}.Release|Any CPU.ActiveCfg = Release|Any CPU
		{98E739C4-C5C3-4D1B-B5F5-5DE01A4EE030}.Release|Any CPU.Build.0 = Release|Any CPU
	EndGlobalSection
	GlobalSection(SolutionProperties) = preSolution
		HideSolutionNode = FALSE
	EndGlobalSection
	GlobalSection(ExtensibilityGlobals) = postSolution
		SolutionGuid = {C87A6AC4-2B8D-4072-9237-B1DF08B394E4}
	EndGlobalSection
EndGlobal
