
Microsoft Visual Studio Solution File, Format Version 12.00
# Visual Studio Version 17
VisualStudioVersion = 17.3.32819.101
MinimumVisualStudioVersion = 10.0.40219.1
Project("{9A19103F-16F7-4668-BE54-9A1E7A4F7556}") = "AdventureWorks.Upload", "AdventureWorks.Upload.csproj", "{47A9B54D-CB8D-4012-95CF-3A67F12950BB}"
EndProject
Global
	GlobalSection(SolutionConfigurationPlatforms) = preSolution
		Debug|Any CPU = Debug|Any CPU
		Release|Any CPU = Release|Any CPU
	EndGlobalSection
	GlobalSection(ProjectConfigurationPlatforms) = postSolution
		{47A9B54D-CB8D-4012-95CF-3A67F12950BB}.Debug|Any CPU.ActiveCfg = Debug|Any CPU
		{47A9B54D-CB8D-4012-95CF-3A67F12950BB}.Debug|Any CPU.Build.0 = Debug|Any CPU
		{47A9B54D-CB8D-4012-95CF-3A67F12950BB}.Release|Any CPU.ActiveCfg = Release|Any CPU
		{47A9B54D-CB8D-4012-95CF-3A67F12950BB}.Release|Any CPU.Build.0 = Release|Any CPU
	EndGlobalSection
	GlobalSection(SolutionProperties) = preSolution
		HideSolutionNode = FALSE
	EndGlobalSection
	GlobalSection(ExtensibilityGlobals) = postSolution
		SolutionGuid = {515D57DD-65E8-4B77-BC2E-CD5CB224747B}
	EndGlobalSection
EndGlobal
