
Microsoft Visual Studio Solution File, Format Version 12.00
# Visual Studio Version 17
VisualStudioVersion = 17.3.32819.101
MinimumVisualStudioVersion = 10.0.40219.1
Project("{FAE04EC0-301F-11D3-BF4B-00C04F79EFBC}") = "AdventureWorks.Web", "AdventureWorks.Web\AdventureWorks.Web.csproj", "{77874CA0-9ED2-491F-B45B-842D04C068C8}"
EndProject
Project("{FAE04EC0-301F-11D3-BF4B-00C04F79EFBC}") = "AdventureWorks.Models", "AdventureWorks.Models\AdventureWorks.Models.csproj", "{AC4846DD-66C1-421D-BEA2-69B804D66AE9}"
EndProject
Project("{FAE04EC0-301F-11D3-BF4B-00C04F79EFBC}") = "AdventureWorks.Context", "AdventureWorks.Context\AdventureWorks.Context.csproj", "{8929E8D0-3422-41C2-8D8D-FED1528E6376}"
EndProject
Global
	GlobalSection(SolutionConfigurationPlatforms) = preSolution
		Debug|Any CPU = Debug|Any CPU
		Release|Any CPU = Release|Any CPU
	EndGlobalSection
	GlobalSection(ProjectConfigurationPlatforms) = postSolution
		{77874CA0-9ED2-491F-B45B-842D04C068C8}.Debug|Any CPU.ActiveCfg = Debug|Any CPU
		{77874CA0-9ED2-491F-B45B-842D04C068C8}.Debug|Any CPU.Build.0 = Debug|Any CPU
		{77874CA0-9ED2-491F-B45B-842D04C068C8}.Release|Any CPU.ActiveCfg = Release|Any CPU
		{77874CA0-9ED2-491F-B45B-842D04C068C8}.Release|Any CPU.Build.0 = Release|Any CPU
		{AC4846DD-66C1-421D-BEA2-69B804D66AE9}.Debug|Any CPU.ActiveCfg = Debug|Any CPU
		{AC4846DD-66C1-421D-BEA2-69B804D66AE9}.Debug|Any CPU.Build.0 = Debug|Any CPU
		{AC4846DD-66C1-421D-BEA2-69B804D66AE9}.Release|Any CPU.ActiveCfg = Release|Any CPU
		{AC4846DD-66C1-421D-BEA2-69B804D66AE9}.Release|Any CPU.Build.0 = Release|Any CPU
		{8929E8D0-3422-41C2-8D8D-FED1528E6376}.Debug|Any CPU.ActiveCfg = Debug|Any CPU
		{8929E8D0-3422-41C2-8D8D-FED1528E6376}.Debug|Any CPU.Build.0 = Debug|Any CPU
		{8929E8D0-3422-41C2-8D8D-FED1528E6376}.Release|Any CPU.ActiveCfg = Release|Any CPU
		{8929E8D0-3422-41C2-8D8D-FED1528E6376}.Release|Any CPU.Build.0 = Release|Any CPU
	EndGlobalSection
	GlobalSection(SolutionProperties) = preSolution
		HideSolutionNode = FALSE
	EndGlobalSection
	GlobalSection(ExtensibilityGlobals) = postSolution
		SolutionGuid = {72473B3F-5A32-4A14-928A-471DA1CCB31A}
	EndGlobalSection
EndGlobal
