
Microsoft Visual Studio Solution File, Format Version 12.00
# Visual Studio Version 17
VisualStudioVersion = 17.3.32819.101
MinimumVisualStudioVersion = 10.0.40219.1
Project("{9A19103F-16F7-4668-BE54-9A1E7A4F7556}") = "ipcheck", "ipcheck.csproj", "{991898C5-A5FB-4F4D-8FB7-BBAC8007EE2E}"
EndProject
Global
	GlobalSection(SolutionConfigurationPlatforms) = preSolution
		Debug|Any CPU = Debug|Any CPU
		Release|Any CPU = Release|Any CPU
	EndGlobalSection
	GlobalSection(ProjectConfigurationPlatforms) = postSolution
		{991898C5-A5FB-4F4D-8FB7-BBAC8007EE2E}.Debug|Any CPU.ActiveCfg = Debug|Any CPU
		{991898C5-A5FB-4F4D-8FB7-BBAC8007EE2E}.Debug|Any CPU.Build.0 = Debug|Any CPU
		{991898C5-A5FB-4F4D-8FB7-BBAC8007EE2E}.Release|Any CPU.ActiveCfg = Release|Any CPU
		{991898C5-A5FB-4F4D-8FB7-BBAC8007EE2E}.Release|Any CPU.Build.0 = Release|Any CPU
	EndGlobalSection
	GlobalSection(SolutionProperties) = preSolution
		HideSolutionNode = FALSE
	EndGlobalSection
	GlobalSection(ExtensibilityGlobals) = postSolution
		SolutionGuid = {B6E742A2-E550-471E-8BD6-D2F17B6F1F5C}
	EndGlobalSection
EndGlobal
